// !$*UTF8*$!
{
	archiveVersion = 1;
	classes = {
	};
	objectVersion = 56;
	objects = {

/* Begin PBXBuildFile section */
		1245A7092BBD3A63009EA0E4 /* WebViewPresenter.swift in Sources */ = {isa = PBXBuildFile; fileRef = 1245A7082BBD3A63009EA0E4 /* WebViewPresenter.swift */; };
		1245A70B2BBD42DB009EA0E4 /* AuthHelper.swift in Sources */ = {isa = PBXBuildFile; fileRef = 1245A70A2BBD42DB009EA0E4 /* AuthHelper.swift */; };
		1245A7132BBD4814009EA0E4 /* WebViewTests.swift in Sources */ = {isa = PBXBuildFile; fileRef = 1245A7122BBD4814009EA0E4 /* WebViewTests.swift */; };
		1245A71A2BBD48EC009EA0E4 /* WebViewPresenterSpy.swift in Sources */ = {isa = PBXBuildFile; fileRef = 1245A7192BBD48EC009EA0E4 /* WebViewPresenterSpy.swift */; };
		1245A71C2BBD4984009EA0E4 /* WebViewViewControllerSpy.swift in Sources */ = {isa = PBXBuildFile; fileRef = 1245A71B2BBD4984009EA0E4 /* WebViewViewControllerSpy.swift */; };
		1245A71E2BBD5256009EA0E4 /* ProfilePresenter.swift in Sources */ = {isa = PBXBuildFile; fileRef = 1245A71D2BBD5256009EA0E4 /* ProfilePresenter.swift */; };
		1245A7202BBD5848009EA0E4 /* ImagesListPresenter.swift in Sources */ = {isa = PBXBuildFile; fileRef = 1245A71F2BBD5848009EA0E4 /* ImagesListPresenter.swift */; };
		1245A7222BBD5FE2009EA0E4 /* URLRequestCreator.swift in Sources */ = {isa = PBXBuildFile; fileRef = 1245A7212BBD5FE2009EA0E4 /* URLRequestCreator.swift */; };
		1245A7252BBD6506009EA0E4 /* ProfileModels.swift in Sources */ = {isa = PBXBuildFile; fileRef = 1245A7242BBD6506009EA0E4 /* ProfileModels.swift */; };
		1245A7282BBD7387009EA0E4 /* ImagesListModels.swift in Sources */ = {isa = PBXBuildFile; fileRef = 1245A7272BBD7387009EA0E4 /* ImagesListModels.swift */; };
		1245A72A2BBD755B009EA0E4 /* ArrayExtensions.swift in Sources */ = {isa = PBXBuildFile; fileRef = 1245A7292BBD755B009EA0E4 /* ArrayExtensions.swift */; };
		1245A72C2BBD76C2009EA0E4 /* AlertPresenter.swift in Sources */ = {isa = PBXBuildFile; fileRef = 1245A72B2BBD76C2009EA0E4 /* AlertPresenter.swift */; };
		1245A7342BBD7C6D009EA0E4 /* ImageFeedUITests.swift in Sources */ = {isa = PBXBuildFile; fileRef = 1245A7332BBD7C6D009EA0E4 /* ImageFeedUITests.swift */; };
		1245A7362BBD7C6D009EA0E4 /* ImageFeedUITestsLaunchTests.swift in Sources */ = {isa = PBXBuildFile; fileRef = 1245A7352BBD7C6D009EA0E4 /* ImageFeedUITestsLaunchTests.swift */; };
		1251FAB82B921B320050C270 /* ProgressHUD in Frameworks */ = {isa = PBXBuildFile; productRef = 1251FAB72B921B320050C270 /* ProgressHUD */; };
		1251FABB2B9228EF0050C270 /* Kingfisher in Frameworks */ = {isa = PBXBuildFile; productRef = 1251FABA2B9228EF0050C270 /* Kingfisher */; };
		1251FABE2B9229500050C270 /* SwiftKeychainWrapper in Frameworks */ = {isa = PBXBuildFile; productRef = 1251FABD2B9229500050C270 /* SwiftKeychainWrapper */; };
		1251FAC02B922E530050C270 /* ProfileService.swift in Sources */ = {isa = PBXBuildFile; fileRef = 1251FABF2B922E530050C270 /* ProfileService.swift */; };
		1251FAC32B9232270050C270 /* UIBlockingProgresssHUD.swift in Sources */ = {isa = PBXBuildFile; fileRef = 1251FAC22B9232270050C270 /* UIBlockingProgresssHUD.swift */; };
		1251FAC62B92329D0050C270 /* TabBarController.swift in Sources */ = {isa = PBXBuildFile; fileRef = 1251FAC52B92329D0050C270 /* TabBarController.swift */; };
		1251FAC82B9234B00050C270 /* AuthViewController.swift in Sources */ = {isa = PBXBuildFile; fileRef = 1251FAC72B9234B00050C270 /* AuthViewController.swift */; };
		1251FACA2B9234D70050C270 /* WebViewController.swift in Sources */ = {isa = PBXBuildFile; fileRef = 1251FAC92B9234D70050C270 /* WebViewController.swift */; };
		1251FACC2B9235CC0050C270 /* ProfileImageService.swift in Sources */ = {isa = PBXBuildFile; fileRef = 1251FACB2B9235CC0050C270 /* ProfileImageService.swift */; };
		1251FACE2B9254630050C270 /* Main.storyboard in Resources */ = {isa = PBXBuildFile; fileRef = 1251FACD2B9254630050C270 /* Main.storyboard */; };
		1259A7622B62CB6C0001A66A /* AppDelegate.swift in Sources */ = {isa = PBXBuildFile; fileRef = 1259A7612B62CB6C0001A66A /* AppDelegate.swift */; };
		1259A7642B62CB6C0001A66A /* SceneDelegate.swift in Sources */ = {isa = PBXBuildFile; fileRef = 1259A7632B62CB6C0001A66A /* SceneDelegate.swift */; };
		1259A76B2B62CB6D0001A66A /* Assets.xcassets in Resources */ = {isa = PBXBuildFile; fileRef = 1259A76A2B62CB6D0001A66A /* Assets.xcassets */; };
		1259A76E2B62CB6D0001A66A /* LaunchScreen.storyboard in Resources */ = {isa = PBXBuildFile; fileRef = 1259A76C2B62CB6D0001A66A /* LaunchScreen.storyboard */; };
		125B1DCD2B90FE2A00D11139 /* URLRequestExtension.swift in Sources */ = {isa = PBXBuildFile; fileRef = 125B1DCC2B90FE2A00D11139 /* URLRequestExtension.swift */; };
		126361852B8B451700F20C22 /* AuthConfig.swift in Sources */ = {isa = PBXBuildFile; fileRef = 126361842B8B451700F20C22 /* AuthConfig.swift */; };
		1263618E2B8B5CAE00F20C22 /* SplashViewController.swift in Sources */ = {isa = PBXBuildFile; fileRef = 1263618D2B8B5CAE00F20C22 /* SplashViewController.swift */; };
		126361932B8B5D1600F20C22 /* OAuth2Service.swift in Sources */ = {isa = PBXBuildFile; fileRef = 126361922B8B5D1600F20C22 /* OAuth2Service.swift */; };
		126361952B8B5D3200F20C22 /* OAuth2TokenStorage.swift in Sources */ = {isa = PBXBuildFile; fileRef = 126361942B8B5D3200F20C22 /* OAuth2TokenStorage.swift */; };
		126954522BAD853F006EB18E /* ImageListService.swift in Sources */ = {isa = PBXBuildFile; fileRef = 126954512BAD853F006EB18E /* ImageListService.swift */; };
		126954562BADB7E6006EB18E /* OAuth2TokenResponseBody.swift in Sources */ = {isa = PBXBuildFile; fileRef = 126954552BADB7E6006EB18E /* OAuth2TokenResponseBody.swift */; };
		1272CDD72B6F9DBF0062B044 /* ImagesListViewController.swift in Sources */ = {isa = PBXBuildFile; fileRef = 1272CDD62B6F9DBF0062B044 /* ImagesListViewController.swift */; };
		1272CDD92B6F9DEF0062B044 /* ImagesListCell.swift in Sources */ = {isa = PBXBuildFile; fileRef = 1272CDD82B6F9DEF0062B044 /* ImagesListCell.swift */; };
		1272CDDF2B6FB1450062B044 /* ProfileViewController.swift in Sources */ = {isa = PBXBuildFile; fileRef = 1272CDDE2B6FB1450062B044 /* ProfileViewController.swift */; };
		1272CDE52B6FE53E0062B044 /* SingleImageViewController.swift in Sources */ = {isa = PBXBuildFile; fileRef = 1272CDE42B6FE53E0062B044 /* SingleImageViewController.swift */; };
		84217DED2BB0587A00061AA3 /* imageZoomer.swift in Sources */ = {isa = PBXBuildFile; fileRef = 84217DEC2BB0587A00061AA3 /* imageZoomer.swift */; };
/* End PBXBuildFile section */

/* Begin PBXContainerItemProxy section */
		1245A7142BBD4814009EA0E4 /* PBXContainerItemProxy */ = {
			isa = PBXContainerItemProxy;
			containerPortal = 1259A7562B62CB6C0001A66A /* Project object */;
			proxyType = 1;
			remoteGlobalIDString = 1259A75D2B62CB6C0001A66A;
			remoteInfo = ImageFeed;
		};
		1245A7372BBD7C6D009EA0E4 /* PBXContainerItemProxy */ = {
			isa = PBXContainerItemProxy;
			containerPortal = 1259A7562B62CB6C0001A66A /* Project object */;
			proxyType = 1;
			remoteGlobalIDString = 1259A75D2B62CB6C0001A66A;
			remoteInfo = ImageFeed;
		};
/* End PBXContainerItemProxy section */

/* Begin PBXCopyFilesBuildPhase section */
		1251FAAF2B9215090050C270 /* Embed Frameworks */ = {
			isa = PBXCopyFilesBuildPhase;
			buildActionMask = 2147483647;
			dstPath = "";
			dstSubfolderSpec = 10;
			files = (
			);
			name = "Embed Frameworks";
			runOnlyForDeploymentPostprocessing = 0;
		};
/* End PBXCopyFilesBuildPhase section */

/* Begin PBXFileReference section */
		1245A7082BBD3A63009EA0E4 /* WebViewPresenter.swift */ = {isa = PBXFileReference; lastKnownFileType = sourcecode.swift; path = WebViewPresenter.swift; sourceTree = "<group>"; };
		1245A70A2BBD42DB009EA0E4 /* AuthHelper.swift */ = {isa = PBXFileReference; lastKnownFileType = sourcecode.swift; path = AuthHelper.swift; sourceTree = "<group>"; };
		1245A7102BBD4814009EA0E4 /* ImageFeedTests.xctest */ = {isa = PBXFileReference; explicitFileType = wrapper.cfbundle; includeInIndex = 0; path = ImageFeedTests.xctest; sourceTree = BUILT_PRODUCTS_DIR; };
		1245A7122BBD4814009EA0E4 /* WebViewTests.swift */ = {isa = PBXFileReference; lastKnownFileType = sourcecode.swift; path = WebViewTests.swift; sourceTree = "<group>"; };
		1245A7192BBD48EC009EA0E4 /* WebViewPresenterSpy.swift */ = {isa = PBXFileReference; lastKnownFileType = sourcecode.swift; path = WebViewPresenterSpy.swift; sourceTree = "<group>"; };
		1245A71B2BBD4984009EA0E4 /* WebViewViewControllerSpy.swift */ = {isa = PBXFileReference; lastKnownFileType = sourcecode.swift; path = WebViewViewControllerSpy.swift; sourceTree = "<group>"; };
		1245A71D2BBD5256009EA0E4 /* ProfilePresenter.swift */ = {isa = PBXFileReference; lastKnownFileType = sourcecode.swift; path = ProfilePresenter.swift; sourceTree = "<group>"; };
		1245A71F2BBD5848009EA0E4 /* ImagesListPresenter.swift */ = {isa = PBXFileReference; lastKnownFileType = sourcecode.swift; path = ImagesListPresenter.swift; sourceTree = "<group>"; };
		1245A7212BBD5FE2009EA0E4 /* URLRequestCreator.swift */ = {isa = PBXFileReference; lastKnownFileType = sourcecode.swift; path = URLRequestCreator.swift; sourceTree = "<group>"; };
		1245A7242BBD6506009EA0E4 /* ProfileModels.swift */ = {isa = PBXFileReference; lastKnownFileType = sourcecode.swift; path = ProfileModels.swift; sourceTree = "<group>"; };
		1245A7272BBD7387009EA0E4 /* ImagesListModels.swift */ = {isa = PBXFileReference; lastKnownFileType = sourcecode.swift; path = ImagesListModels.swift; sourceTree = "<group>"; };
		1245A7292BBD755B009EA0E4 /* ArrayExtensions.swift */ = {isa = PBXFileReference; lastKnownFileType = sourcecode.swift; path = ArrayExtensions.swift; sourceTree = "<group>"; };
		1245A72B2BBD76C2009EA0E4 /* AlertPresenter.swift */ = {isa = PBXFileReference; lastKnownFileType = sourcecode.swift; path = AlertPresenter.swift; sourceTree = "<group>"; };
		1245A7312BBD7C6D009EA0E4 /* ImageFeedUITests.xctest */ = {isa = PBXFileReference; explicitFileType = wrapper.cfbundle; includeInIndex = 0; path = ImageFeedUITests.xctest; sourceTree = BUILT_PRODUCTS_DIR; };
		1245A7332BBD7C6D009EA0E4 /* ImageFeedUITests.swift */ = {isa = PBXFileReference; lastKnownFileType = sourcecode.swift; path = ImageFeedUITests.swift; sourceTree = "<group>"; };
		1245A7352BBD7C6D009EA0E4 /* ImageFeedUITestsLaunchTests.swift */ = {isa = PBXFileReference; lastKnownFileType = sourcecode.swift; path = ImageFeedUITestsLaunchTests.swift; sourceTree = "<group>"; };
		1251FABF2B922E530050C270 /* ProfileService.swift */ = {isa = PBXFileReference; lastKnownFileType = sourcecode.swift; path = ProfileService.swift; sourceTree = "<group>"; };
		1251FAC22B9232270050C270 /* UIBlockingProgresssHUD.swift */ = {isa = PBXFileReference; lastKnownFileType = sourcecode.swift; path = UIBlockingProgresssHUD.swift; sourceTree = "<group>"; };
		1251FAC52B92329D0050C270 /* TabBarController.swift */ = {isa = PBXFileReference; lastKnownFileType = sourcecode.swift; path = TabBarController.swift; sourceTree = "<group>"; };
		1251FAC72B9234B00050C270 /* AuthViewController.swift */ = {isa = PBXFileReference; lastKnownFileType = sourcecode.swift; path = AuthViewController.swift; sourceTree = "<group>"; };
		1251FAC92B9234D70050C270 /* WebViewController.swift */ = {isa = PBXFileReference; lastKnownFileType = sourcecode.swift; path = WebViewController.swift; sourceTree = "<group>"; };
		1251FACB2B9235CC0050C270 /* ProfileImageService.swift */ = {isa = PBXFileReference; lastKnownFileType = sourcecode.swift; path = ProfileImageService.swift; sourceTree = "<group>"; };
		1251FACD2B9254630050C270 /* Main.storyboard */ = {isa = PBXFileReference; fileEncoding = 4; lastKnownFileType = file.storyboard; path = Main.storyboard; sourceTree = "<group>"; };
		1259A75E2B62CB6C0001A66A /* ImageFeed.app */ = {isa = PBXFileReference; explicitFileType = wrapper.application; includeInIndex = 0; path = ImageFeed.app; sourceTree = BUILT_PRODUCTS_DIR; };
		1259A7612B62CB6C0001A66A /* AppDelegate.swift */ = {isa = PBXFileReference; lastKnownFileType = sourcecode.swift; path = AppDelegate.swift; sourceTree = "<group>"; };
		1259A7632B62CB6C0001A66A /* SceneDelegate.swift */ = {isa = PBXFileReference; lastKnownFileType = sourcecode.swift; path = SceneDelegate.swift; sourceTree = "<group>"; };
		1259A76A2B62CB6D0001A66A /* Assets.xcassets */ = {isa = PBXFileReference; lastKnownFileType = folder.assetcatalog; path = Assets.xcassets; sourceTree = "<group>"; };
		1259A76D2B62CB6D0001A66A /* Base */ = {isa = PBXFileReference; lastKnownFileType = file.storyboard; name = Base; path = Base.lproj/LaunchScreen.storyboard; sourceTree = "<group>"; };
		1259A76F2B62CB6D0001A66A /* Info.plist */ = {isa = PBXFileReference; lastKnownFileType = text.plist.xml; path = Info.plist; sourceTree = "<group>"; };
		125B1DCC2B90FE2A00D11139 /* URLRequestExtension.swift */ = {isa = PBXFileReference; lastKnownFileType = sourcecode.swift; path = URLRequestExtension.swift; sourceTree = "<group>"; };
		126361842B8B451700F20C22 /* AuthConfig.swift */ = {isa = PBXFileReference; lastKnownFileType = sourcecode.swift; path = AuthConfig.swift; sourceTree = "<group>"; };
		1263618D2B8B5CAE00F20C22 /* SplashViewController.swift */ = {isa = PBXFileReference; lastKnownFileType = sourcecode.swift; path = SplashViewController.swift; sourceTree = "<group>"; };
		126361922B8B5D1600F20C22 /* OAuth2Service.swift */ = {isa = PBXFileReference; lastKnownFileType = sourcecode.swift; path = OAuth2Service.swift; sourceTree = "<group>"; };
		126361942B8B5D3200F20C22 /* OAuth2TokenStorage.swift */ = {isa = PBXFileReference; lastKnownFileType = sourcecode.swift; path = OAuth2TokenStorage.swift; sourceTree = "<group>"; };
		126954512BAD853F006EB18E /* ImageListService.swift */ = {isa = PBXFileReference; lastKnownFileType = sourcecode.swift; path = ImageListService.swift; sourceTree = "<group>"; };
		126954552BADB7E6006EB18E /* OAuth2TokenResponseBody.swift */ = {isa = PBXFileReference; lastKnownFileType = sourcecode.swift; path = OAuth2TokenResponseBody.swift; sourceTree = "<group>"; };
		1272CDD62B6F9DBF0062B044 /* ImagesListViewController.swift */ = {isa = PBXFileReference; lastKnownFileType = sourcecode.swift; path = ImagesListViewController.swift; sourceTree = "<group>"; };
		1272CDD82B6F9DEF0062B044 /* ImagesListCell.swift */ = {isa = PBXFileReference; lastKnownFileType = sourcecode.swift; path = ImagesListCell.swift; sourceTree = "<group>"; };
		1272CDDE2B6FB1450062B044 /* ProfileViewController.swift */ = {isa = PBXFileReference; lastKnownFileType = sourcecode.swift; path = ProfileViewController.swift; sourceTree = "<group>"; };
		1272CDE42B6FE53E0062B044 /* SingleImageViewController.swift */ = {isa = PBXFileReference; lastKnownFileType = sourcecode.swift; path = SingleImageViewController.swift; sourceTree = "<group>"; };
		84217DEC2BB0587A00061AA3 /* imageZoomer.swift */ = {isa = PBXFileReference; fileEncoding = 4; lastKnownFileType = sourcecode.swift; path = imageZoomer.swift; sourceTree = "<group>"; };
/* End PBXFileReference section */

/* Begin PBXFrameworksBuildPhase section */
		1245A70D2BBD4814009EA0E4 /* Frameworks */ = {
			isa = PBXFrameworksBuildPhase;
			buildActionMask = 2147483647;
			files = (
			);
			runOnlyForDeploymentPostprocessing = 0;
		};
		1245A72E2BBD7C6D009EA0E4 /* Frameworks */ = {
			isa = PBXFrameworksBuildPhase;
			buildActionMask = 2147483647;
			files = (
			);
			runOnlyForDeploymentPostprocessing = 0;
		};
		1259A75B2B62CB6C0001A66A /* Frameworks */ = {
			isa = PBXFrameworksBuildPhase;
			buildActionMask = 2147483647;
			files = (
				1251FABB2B9228EF0050C270 /* Kingfisher in Frameworks */,
				1251FABE2B9229500050C270 /* SwiftKeychainWrapper in Frameworks */,
				1251FAB82B921B320050C270 /* ProgressHUD in Frameworks */,
			);
			runOnlyForDeploymentPostprocessing = 0;
		};
/* End PBXFrameworksBuildPhase section */

/* Begin PBXGroup section */
		1245A7112BBD4814009EA0E4 /* ImageFeedTests */ = {
			isa = PBXGroup;
			children = (
				1245A7122BBD4814009EA0E4 /* WebViewTests.swift */,
				1245A7192BBD48EC009EA0E4 /* WebViewPresenterSpy.swift */,
				1245A71B2BBD4984009EA0E4 /* WebViewViewControllerSpy.swift */,
			);
			path = ImageFeedTests;
			sourceTree = "<group>";
		};
		1245A7232BBD64EE009EA0E4 /* ProfileModels */ = {
			isa = PBXGroup;
			children = (
				1245A7242BBD6506009EA0E4 /* ProfileModels.swift */,
			);
			path = ProfileModels;
			sourceTree = "<group>";
		};
		1245A7262BBD7367009EA0E4 /* ImagesListModels */ = {
			isa = PBXGroup;
			children = (
				1245A7272BBD7387009EA0E4 /* ImagesListModels.swift */,
			);
			path = ImagesListModels;
			sourceTree = "<group>";
		};
		1245A7322BBD7C6D009EA0E4 /* ImageFeedUITests */ = {
			isa = PBXGroup;
			children = (
				1245A7332BBD7C6D009EA0E4 /* ImageFeedUITests.swift */,
				1245A7352BBD7C6D009EA0E4 /* ImageFeedUITestsLaunchTests.swift */,
			);
			path = ImageFeedUITests;
			sourceTree = "<group>";
		};
		1251FAC12B922F620050C270 /* SplashVC */ = {
			isa = PBXGroup;
			children = (
				1263618D2B8B5CAE00F20C22 /* SplashViewController.swift */,
				1245A72B2BBD76C2009EA0E4 /* AlertPresenter.swift */,
			);
			path = SplashVC;
			sourceTree = "<group>";
		};
		1251FAC42B9232800050C270 /* TabBarController */ = {
			isa = PBXGroup;
			children = (
				1251FAC52B92329D0050C270 /* TabBarController.swift */,
			);
			path = TabBarController;
			sourceTree = "<group>";
		};
		1259A7552B62CB6C0001A66A = {
			isa = PBXGroup;
			children = (
				1259A7602B62CB6C0001A66A /* ImageFeed */,
				1245A7112BBD4814009EA0E4 /* ImageFeedTests */,
				1245A7322BBD7C6D009EA0E4 /* ImageFeedUITests */,
				1259A75F2B62CB6C0001A66A /* Products */,
			);
			sourceTree = "<group>";
		};
		1259A75F2B62CB6C0001A66A /* Products */ = {
			isa = PBXGroup;
			children = (
				1259A75E2B62CB6C0001A66A /* ImageFeed.app */,
				1245A7102BBD4814009EA0E4 /* ImageFeedTests.xctest */,
				1245A7312BBD7C6D009EA0E4 /* ImageFeedUITests.xctest */,
			);
			name = Products;
			sourceTree = "<group>";
		};
		1259A7602B62CB6C0001A66A /* ImageFeed */ = {
			isa = PBXGroup;
			children = (
				1251FAC42B9232800050C270 /* TabBarController */,
				1245A7292BBD755B009EA0E4 /* ArrayExtensions.swift */,
				1259A7612B62CB6C0001A66A /* AppDelegate.swift */,
				1259A7632B62CB6C0001A66A /* SceneDelegate.swift */,
				126361842B8B451700F20C22 /* AuthConfig.swift */,
				1245A70A2BBD42DB009EA0E4 /* AuthHelper.swift */,
				1251FAC22B9232270050C270 /* UIBlockingProgresssHUD.swift */,
				125B1DCB2B90FD1100D11139 /* Network */,
				1251FAC12B922F620050C270 /* SplashVC */,
				1272CDDD2B6FA0E30062B044 /* UserProfile */,
				1272CDDA2B6FA0450062B044 /* ImagesList */,
				1272CDE32B6FE51A0062B044 /* SingleImageView */,
				126361862B8B522900F20C22 /* Auth */,
				1251FACD2B9254630050C270 /* Main.storyboard */,
				1259A76A2B62CB6D0001A66A /* Assets.xcassets */,
				1259A76C2B62CB6D0001A66A /* LaunchScreen.storyboard */,
				1259A76F2B62CB6D0001A66A /* Info.plist */,
			);
			path = ImageFeed;
			sourceTree = "<group>";
		};
		125B1DCB2B90FD1100D11139 /* Network */ = {
			isa = PBXGroup;
			children = (
				125B1DCC2B90FE2A00D11139 /* URLRequestExtension.swift */,
				1245A7212BBD5FE2009EA0E4 /* URLRequestCreator.swift */,
			);
			path = Network;
			sourceTree = "<group>";
		};
		126361862B8B522900F20C22 /* Auth */ = {
			isa = PBXGroup;
			children = (
				1263618F2B8B5CD400F20C22 /* OAuth2 */,
				1251FAC72B9234B00050C270 /* AuthViewController.swift */,
				1251FAC92B9234D70050C270 /* WebViewController.swift */,
				1245A7082BBD3A63009EA0E4 /* WebViewPresenter.swift */,
			);
			path = Auth;
			sourceTree = "<group>";
		};
		1263618F2B8B5CD400F20C22 /* OAuth2 */ = {
			isa = PBXGroup;
			children = (
				126954552BADB7E6006EB18E /* OAuth2TokenResponseBody.swift */,
				126361922B8B5D1600F20C22 /* OAuth2Service.swift */,
				126361942B8B5D3200F20C22 /* OAuth2TokenStorage.swift */,
			);
			path = OAuth2;
			sourceTree = "<group>";
		};
		1272CDDA2B6FA0450062B044 /* ImagesList */ = {
			isa = PBXGroup;
			children = (
				1245A7262BBD7367009EA0E4 /* ImagesListModels */,
				1272CDD62B6F9DBF0062B044 /* ImagesListViewController.swift */,
				1272CDD82B6F9DEF0062B044 /* ImagesListCell.swift */,
				126954512BAD853F006EB18E /* ImageListService.swift */,
				1245A71F2BBD5848009EA0E4 /* ImagesListPresenter.swift */,
			);
			path = ImagesList;
			sourceTree = "<group>";
		};
		1272CDDD2B6FA0E30062B044 /* UserProfile */ = {
			isa = PBXGroup;
			children = (
				1245A7232BBD64EE009EA0E4 /* ProfileModels */,
				1251FABF2B922E530050C270 /* ProfileService.swift */,
				1272CDDE2B6FB1450062B044 /* ProfileViewController.swift */,
				1251FACB2B9235CC0050C270 /* ProfileImageService.swift */,
				1245A71D2BBD5256009EA0E4 /* ProfilePresenter.swift */,
			);
			path = UserProfile;
			sourceTree = "<group>";
		};
		1272CDE32B6FE51A0062B044 /* SingleImageView */ = {
			isa = PBXGroup;
			children = (
				84217DEC2BB0587A00061AA3 /* imageZoomer.swift */,
				1272CDE42B6FE53E0062B044 /* SingleImageViewController.swift */,
			);
			path = SingleImageView;
			sourceTree = "<group>";
		};
/* End PBXGroup section */

/* Begin PBXNativeTarget section */
		1245A70F2BBD4814009EA0E4 /* ImageFeedTests */ = {
			isa = PBXNativeTarget;
			buildConfigurationList = 1245A7162BBD4814009EA0E4 /* Build configuration list for PBXNativeTarget "ImageFeedTests" */;
			buildPhases = (
				1245A70C2BBD4814009EA0E4 /* Sources */,
				1245A70D2BBD4814009EA0E4 /* Frameworks */,
				1245A70E2BBD4814009EA0E4 /* Resources */,
			);
			buildRules = (
			);
			dependencies = (
				1245A7152BBD4814009EA0E4 /* PBXTargetDependency */,
			);
			name = ImageFeedTests;
			productName = ImageFeedTests;
			productReference = 1245A7102BBD4814009EA0E4 /* ImageFeedTests.xctest */;
			productType = "com.apple.product-type.bundle.unit-test";
		};
		1245A7302BBD7C6D009EA0E4 /* ImageFeedUITests */ = {
			isa = PBXNativeTarget;
			buildConfigurationList = 1245A7392BBD7C6D009EA0E4 /* Build configuration list for PBXNativeTarget "ImageFeedUITests" */;
			buildPhases = (
				1245A72D2BBD7C6D009EA0E4 /* Sources */,
				1245A72E2BBD7C6D009EA0E4 /* Frameworks */,
				1245A72F2BBD7C6D009EA0E4 /* Resources */,
			);
			buildRules = (
			);
			dependencies = (
				1245A7382BBD7C6D009EA0E4 /* PBXTargetDependency */,
			);
			name = ImageFeedUITests;
			productName = ImageFeedUITests;
			productReference = 1245A7312BBD7C6D009EA0E4 /* ImageFeedUITests.xctest */;
			productType = "com.apple.product-type.bundle.ui-testing";
		};
		1259A75D2B62CB6C0001A66A /* ImageFeed */ = {
			isa = PBXNativeTarget;
			buildConfigurationList = 1259A7722B62CB6D0001A66A /* Build configuration list for PBXNativeTarget "ImageFeed" */;
			buildPhases = (
				1259A75A2B62CB6C0001A66A /* Sources */,
				1259A75B2B62CB6C0001A66A /* Frameworks */,
				1259A75C2B62CB6C0001A66A /* Resources */,
				1251FAAF2B9215090050C270 /* Embed Frameworks */,
			);
			buildRules = (
			);
			dependencies = (
			);
			name = ImageFeed;
			packageProductDependencies = (
				1251FAB72B921B320050C270 /* ProgressHUD */,
				1251FABA2B9228EF0050C270 /* Kingfisher */,
				1251FABD2B9229500050C270 /* SwiftKeychainWrapper */,
			);
			productName = ImageFeed;
			productReference = 1259A75E2B62CB6C0001A66A /* ImageFeed.app */;
			productType = "com.apple.product-type.application";
		};
/* End PBXNativeTarget section */

/* Begin PBXProject section */
		1259A7562B62CB6C0001A66A /* Project object */ = {
			isa = PBXProject;
			attributes = {
				BuildIndependentTargetsInParallel = 1;
				LastSwiftUpdateCheck = 1500;
				LastUpgradeCheck = 1500;
				TargetAttributes = {
					1245A70F2BBD4814009EA0E4 = {
						CreatedOnToolsVersion = 15.0.1;
						TestTargetID = 1259A75D2B62CB6C0001A66A;
					};
					1245A7302BBD7C6D009EA0E4 = {
						CreatedOnToolsVersion = 15.0.1;
						TestTargetID = 1259A75D2B62CB6C0001A66A;
					};
					1259A75D2B62CB6C0001A66A = {
						CreatedOnToolsVersion = 15.0.1;
					};
				};
			};
			buildConfigurationList = 1259A7592B62CB6C0001A66A /* Build configuration list for PBXProject "ImageFeed" */;
			compatibilityVersion = "Xcode 14.0";
			developmentRegion = en;
			hasScannedForEncodings = 0;
			knownRegions = (
				en,
				Base,
			);
			mainGroup = 1259A7552B62CB6C0001A66A;
			packageReferences = (
				1251FAB62B9219710050C270 /* XCRemoteSwiftPackageReference "ProgressHUD" */,
				1251FAB92B9228EF0050C270 /* XCRemoteSwiftPackageReference "Kingfisher" */,
				1251FABC2B9229500050C270 /* XCRemoteSwiftPackageReference "SwiftKeychainWrapper" */,
			);
			productRefGroup = 1259A75F2B62CB6C0001A66A /* Products */;
			projectDirPath = "";
			projectRoot = "";
			targets = (
				1259A75D2B62CB6C0001A66A /* ImageFeed */,
				1245A70F2BBD4814009EA0E4 /* ImageFeedTests */,
				1245A7302BBD7C6D009EA0E4 /* ImageFeedUITests */,
			);
		};
/* End PBXProject section */

/* Begin PBXResourcesBuildPhase section */
		1245A70E2BBD4814009EA0E4 /* Resources */ = {
			isa = PBXResourcesBuildPhase;
			buildActionMask = 2147483647;
			files = (
			);
			runOnlyForDeploymentPostprocessing = 0;
		};
		1245A72F2BBD7C6D009EA0E4 /* Resources */ = {
			isa = PBXResourcesBuildPhase;
			buildActionMask = 2147483647;
			files = (
			);
			runOnlyForDeploymentPostprocessing = 0;
		};
		1259A75C2B62CB6C0001A66A /* Resources */ = {
			isa = PBXResourcesBuildPhase;
			buildActionMask = 2147483647;
			files = (
				1259A76E2B62CB6D0001A66A /* LaunchScreen.storyboard in Resources */,
				1259A76B2B62CB6D0001A66A /* Assets.xcassets in Resources */,
				1251FACE2B9254630050C270 /* Main.storyboard in Resources */,
			);
			runOnlyForDeploymentPostprocessing = 0;
		};
/* End PBXResourcesBuildPhase section */

/* Begin PBXSourcesBuildPhase section */
		1245A70C2BBD4814009EA0E4 /* Sources */ = {
			isa = PBXSourcesBuildPhase;
			buildActionMask = 2147483647;
			files = (
				1245A7132BBD4814009EA0E4 /* WebViewTests.swift in Sources */,
				1245A71C2BBD4984009EA0E4 /* WebViewViewControllerSpy.swift in Sources */,
				1245A71A2BBD48EC009EA0E4 /* WebViewPresenterSpy.swift in Sources */,
			);
			runOnlyForDeploymentPostprocessing = 0;
		};
		1245A72D2BBD7C6D009EA0E4 /* Sources */ = {
			isa = PBXSourcesBuildPhase;
			buildActionMask = 2147483647;
			files = (
				1245A7362BBD7C6D009EA0E4 /* ImageFeedUITestsLaunchTests.swift in Sources */,
				1245A7342BBD7C6D009EA0E4 /* ImageFeedUITests.swift in Sources */,
			);
			runOnlyForDeploymentPostprocessing = 0;
		};
		1259A75A2B62CB6C0001A66A /* Sources */ = {
			isa = PBXSourcesBuildPhase;
			buildActionMask = 2147483647;
			files = (
				1272CDD72B6F9DBF0062B044 /* ImagesListViewController.swift in Sources */,
				1245A71E2BBD5256009EA0E4 /* ProfilePresenter.swift in Sources */,
				126954562BADB7E6006EB18E /* OAuth2TokenResponseBody.swift in Sources */,
				1272CDD92B6F9DEF0062B044 /* ImagesListCell.swift in Sources */,
				126361932B8B5D1600F20C22 /* OAuth2Service.swift in Sources */,
				1245A7282BBD7387009EA0E4 /* ImagesListModels.swift in Sources */,
				1251FAC62B92329D0050C270 /* TabBarController.swift in Sources */,
				126954522BAD853F006EB18E /* ImageListService.swift in Sources */,
				1251FAC82B9234B00050C270 /* AuthViewController.swift in Sources */,
				1245A7222BBD5FE2009EA0E4 /* URLRequestCreator.swift in Sources */,
				1245A70B2BBD42DB009EA0E4 /* AuthHelper.swift in Sources */,
				1272CDDF2B6FB1450062B044 /* ProfileViewController.swift in Sources */,
				1259A7622B62CB6C0001A66A /* AppDelegate.swift in Sources */,
				126361952B8B5D3200F20C22 /* OAuth2TokenStorage.swift in Sources */,
				1245A72C2BBD76C2009EA0E4 /* AlertPresenter.swift in Sources */,
				126361852B8B451700F20C22 /* AuthConfig.swift in Sources */,
				125B1DCD2B90FE2A00D11139 /* URLRequestExtension.swift in Sources */,
				1272CDE52B6FE53E0062B044 /* SingleImageViewController.swift in Sources */,
				84217DED2BB0587A00061AA3 /* imageZoomer.swift in Sources */,
				1251FACA2B9234D70050C270 /* WebViewController.swift in Sources */,
				1259A7642B62CB6C0001A66A /* SceneDelegate.swift in Sources */,
				1245A7092BBD3A63009EA0E4 /* WebViewPresenter.swift in Sources */,
				1251FAC32B9232270050C270 /* UIBlockingProgresssHUD.swift in Sources */,
				1251FACC2B9235CC0050C270 /* ProfileImageService.swift in Sources */,
				1245A72A2BBD755B009EA0E4 /* ArrayExtensions.swift in Sources */,
				1263618E2B8B5CAE00F20C22 /* SplashViewController.swift in Sources */,
				1245A7252BBD6506009EA0E4 /* ProfileModels.swift in Sources */,
				1245A7202BBD5848009EA0E4 /* ImagesListPresenter.swift in Sources */,
				1251FAC02B922E530050C270 /* ProfileService.swift in Sources */,
			);
			runOnlyForDeploymentPostprocessing = 0;
		};
/* End PBXSourcesBuildPhase section */

/* Begin PBXTargetDependency section */
		1245A7152BBD4814009EA0E4 /* PBXTargetDependency */ = {
			isa = PBXTargetDependency;
			target = 1259A75D2B62CB6C0001A66A /* ImageFeed */;
			targetProxy = 1245A7142BBD4814009EA0E4 /* PBXContainerItemProxy */;
		};
		1245A7382BBD7C6D009EA0E4 /* PBXTargetDependency */ = {
			isa = PBXTargetDependency;
			target = 1259A75D2B62CB6C0001A66A /* ImageFeed */;
			targetProxy = 1245A7372BBD7C6D009EA0E4 /* PBXContainerItemProxy */;
		};
/* End PBXTargetDependency section */

/* Begin PBXVariantGroup section */
		1259A76C2B62CB6D0001A66A /* LaunchScreen.storyboard */ = {
			isa = PBXVariantGroup;
			children = (
				1259A76D2B62CB6D0001A66A /* Base */,
			);
			name = LaunchScreen.storyboard;
			sourceTree = "<group>";
		};
/* End PBXVariantGroup section */

/* Begin XCBuildConfiguration section */
		1245A7172BBD4814009EA0E4 /* Debug */ = {
			isa = XCBuildConfiguration;
			buildSettings = {
				BUNDLE_LOADER = "$(TEST_HOST)";
				CODE_SIGN_STYLE = Automatic;
				CURRENT_PROJECT_VERSION = 1;
				DEVELOPMENT_TEAM = 83W9YR2F63;
				GENERATE_INFOPLIST_FILE = YES;
				IPHONEOS_DEPLOYMENT_TARGET = 17.0;
				MARKETING_VERSION = 1.0;
				PRODUCT_BUNDLE_IDENTIFIER = ru.TimBulokhov.ImageFeedTests;
				PRODUCT_NAME = "$(TARGET_NAME)";
				SWIFT_EMIT_LOC_STRINGS = NO;
				SWIFT_VERSION = 5.0;
				TARGETED_DEVICE_FAMILY = "1,2";
				TEST_HOST = "$(BUILT_PRODUCTS_DIR)/ImageFeed.app/$(BUNDLE_EXECUTABLE_FOLDER_PATH)/ImageFeed";
			};
			name = Debug;
		};
		1245A7182BBD4814009EA0E4 /* Release */ = {
			isa = XCBuildConfiguration;
			buildSettings = {
				BUNDLE_LOADER = "$(TEST_HOST)";
				CODE_SIGN_STYLE = Automatic;
				CURRENT_PROJECT_VERSION = 1;
				DEVELOPMENT_TEAM = 83W9YR2F63;
				GENERATE_INFOPLIST_FILE = YES;
				IPHONEOS_DEPLOYMENT_TARGET = 17.0;
				MARKETING_VERSION = 1.0;
				PRODUCT_BUNDLE_IDENTIFIER = ru.TimBulokhov.ImageFeedTests;
				PRODUCT_NAME = "$(TARGET_NAME)";
				SWIFT_EMIT_LOC_STRINGS = NO;
				SWIFT_VERSION = 5.0;
				TARGETED_DEVICE_FAMILY = "1,2";
				TEST_HOST = "$(BUILT_PRODUCTS_DIR)/ImageFeed.app/$(BUNDLE_EXECUTABLE_FOLDER_PATH)/ImageFeed";
			};
			name = Release;
		};
		1245A73A2BBD7C6D009EA0E4 /* Debug */ = {
			isa = XCBuildConfiguration;
			buildSettings = {
				CODE_SIGN_STYLE = Automatic;
				CURRENT_PROJECT_VERSION = 1;
				DEVELOPMENT_TEAM = 83W9YR2F63;
				GENERATE_INFOPLIST_FILE = YES;
				IPHONEOS_DEPLOYMENT_TARGET = 17.0;
				MARKETING_VERSION = 1.0;
				PRODUCT_BUNDLE_IDENTIFIER = ru.TimBulokhov.ImageFeedUITests;
				PRODUCT_NAME = "$(TARGET_NAME)";
				SWIFT_EMIT_LOC_STRINGS = NO;
				SWIFT_VERSION = 5.0;
				TARGETED_DEVICE_FAMILY = "1,2";
				TEST_TARGET_NAME = ImageFeed;
			};
			name = Debug;
		};
		1245A73B2BBD7C6D009EA0E4 /* Release */ = {
			isa = XCBuildConfiguration;
			buildSettings = {
				CODE_SIGN_STYLE = Automatic;
				CURRENT_PROJECT_VERSION = 1;
				DEVELOPMENT_TEAM = 83W9YR2F63;
				GENERATE_INFOPLIST_FILE = YES;
				IPHONEOS_DEPLOYMENT_TARGET = 17.0;
				MARKETING_VERSION = 1.0;
				PRODUCT_BUNDLE_IDENTIFIER = ru.TimBulokhov.ImageFeedUITests;
				PRODUCT_NAME = "$(TARGET_NAME)";
				SWIFT_EMIT_LOC_STRINGS = NO;
				SWIFT_VERSION = 5.0;
				TARGETED_DEVICE_FAMILY = "1,2";
				TEST_TARGET_NAME = ImageFeed;
			};
			name = Release;
		};
		1259A7702B62CB6D0001A66A /* Debug */ = {
			isa = XCBuildConfiguration;
			buildSettings = {
				ALWAYS_SEARCH_USER_PATHS = NO;
				ASSETCATALOG_COMPILER_GENERATE_SWIFT_ASSET_SYMBOL_EXTENSIONS = YES;
				CLANG_ANALYZER_NONNULL = YES;
				CLANG_ANALYZER_NUMBER_OBJECT_CONVERSION = YES_AGGRESSIVE;
				CLANG_CXX_LANGUAGE_STANDARD = "gnu++20";
				CLANG_ENABLE_MODULES = YES;
				CLANG_ENABLE_OBJC_ARC = YES;
				CLANG_ENABLE_OBJC_WEAK = YES;
				CLANG_WARN_BLOCK_CAPTURE_AUTORELEASING = YES;
				CLANG_WARN_BOOL_CONVERSION = YES;
				CLANG_WARN_COMMA = YES;
				CLANG_WARN_CONSTANT_CONVERSION = YES;
				CLANG_WARN_DEPRECATED_OBJC_IMPLEMENTATIONS = YES;
				CLANG_WARN_DIRECT_OBJC_ISA_USAGE = YES_ERROR;
				CLANG_WARN_DOCUMENTATION_COMMENTS = YES;
				CLANG_WARN_EMPTY_BODY = YES;
				CLANG_WARN_ENUM_CONVERSION = YES;
				CLANG_WARN_INFINITE_RECURSION = YES;
				CLANG_WARN_INT_CONVERSION = YES;
				CLANG_WARN_NON_LITERAL_NULL_CONVERSION = YES;
				CLANG_WARN_OBJC_IMPLICIT_RETAIN_SELF = YES;
				CLANG_WARN_OBJC_LITERAL_CONVERSION = YES;
				CLANG_WARN_OBJC_ROOT_CLASS = YES_ERROR;
				CLANG_WARN_QUOTED_INCLUDE_IN_FRAMEWORK_HEADER = YES;
				CLANG_WARN_RANGE_LOOP_ANALYSIS = YES;
				CLANG_WARN_STRICT_PROTOTYPES = YES;
				CLANG_WARN_SUSPICIOUS_MOVE = YES;
				CLANG_WARN_UNGUARDED_AVAILABILITY = YES_AGGRESSIVE;
				CLANG_WARN_UNREACHABLE_CODE = YES;
				CLANG_WARN__DUPLICATE_METHOD_MATCH = YES;
				COPY_PHASE_STRIP = NO;
				DEBUG_INFORMATION_FORMAT = dwarf;
				ENABLE_STRICT_OBJC_MSGSEND = YES;
				ENABLE_TESTABILITY = YES;
				ENABLE_USER_SCRIPT_SANDBOXING = YES;
				GCC_C_LANGUAGE_STANDARD = gnu17;
				GCC_DYNAMIC_NO_PIC = NO;
				GCC_NO_COMMON_BLOCKS = YES;
				GCC_OPTIMIZATION_LEVEL = 0;
				GCC_PREPROCESSOR_DEFINITIONS = (
					"DEBUG=1",
					"$(inherited)",
				);
				GCC_WARN_64_TO_32_BIT_CONVERSION = YES;
				GCC_WARN_ABOUT_RETURN_TYPE = YES_ERROR;
				GCC_WARN_UNDECLARED_SELECTOR = YES;
				GCC_WARN_UNINITIALIZED_AUTOS = YES_AGGRESSIVE;
				GCC_WARN_UNUSED_FUNCTION = YES;
				GCC_WARN_UNUSED_VARIABLE = YES;
				IPHONEOS_DEPLOYMENT_TARGET = 13.0;
				LOCALIZATION_PREFERS_STRING_CATALOGS = YES;
				MTL_ENABLE_DEBUG_INFO = INCLUDE_SOURCE;
				MTL_FAST_MATH = YES;
				ONLY_ACTIVE_ARCH = YES;
				SDKROOT = iphoneos;
				SWIFT_ACTIVE_COMPILATION_CONDITIONS = "DEBUG $(inherited)";
				SWIFT_OPTIMIZATION_LEVEL = "-Onone";
			};
			name = Debug;
		};
		1259A7712B62CB6D0001A66A /* Release */ = {
			isa = XCBuildConfiguration;
			buildSettings = {
				ALWAYS_SEARCH_USER_PATHS = NO;
				ASSETCATALOG_COMPILER_GENERATE_SWIFT_ASSET_SYMBOL_EXTENSIONS = YES;
				CLANG_ANALYZER_NONNULL = YES;
				CLANG_ANALYZER_NUMBER_OBJECT_CONVERSION = YES_AGGRESSIVE;
				CLANG_CXX_LANGUAGE_STANDARD = "gnu++20";
				CLANG_ENABLE_MODULES = YES;
				CLANG_ENABLE_OBJC_ARC = YES;
				CLANG_ENABLE_OBJC_WEAK = YES;
				CLANG_WARN_BLOCK_CAPTURE_AUTORELEASING = YES;
				CLANG_WARN_BOOL_CONVERSION = YES;
				CLANG_WARN_COMMA = YES;
				CLANG_WARN_CONSTANT_CONVERSION = YES;
				CLANG_WARN_DEPRECATED_OBJC_IMPLEMENTATIONS = YES;
				CLANG_WARN_DIRECT_OBJC_ISA_USAGE = YES_ERROR;
				CLANG_WARN_DOCUMENTATION_COMMENTS = YES;
				CLANG_WARN_EMPTY_BODY = YES;
				CLANG_WARN_ENUM_CONVERSION = YES;
				CLANG_WARN_INFINITE_RECURSION = YES;
				CLANG_WARN_INT_CONVERSION = YES;
				CLANG_WARN_NON_LITERAL_NULL_CONVERSION = YES;
				CLANG_WARN_OBJC_IMPLICIT_RETAIN_SELF = YES;
				CLANG_WARN_OBJC_LITERAL_CONVERSION = YES;
				CLANG_WARN_OBJC_ROOT_CLASS = YES_ERROR;
				CLANG_WARN_QUOTED_INCLUDE_IN_FRAMEWORK_HEADER = YES;
				CLANG_WARN_RANGE_LOOP_ANALYSIS = YES;
				CLANG_WARN_STRICT_PROTOTYPES = YES;
				CLANG_WARN_SUSPICIOUS_MOVE = YES;
				CLANG_WARN_UNGUARDED_AVAILABILITY = YES_AGGRESSIVE;
				CLANG_WARN_UNREACHABLE_CODE = YES;
				CLANG_WARN__DUPLICATE_METHOD_MATCH = YES;
				COPY_PHASE_STRIP = NO;
				DEBUG_INFORMATION_FORMAT = "dwarf-with-dsym";
				ENABLE_NS_ASSERTIONS = NO;
				ENABLE_STRICT_OBJC_MSGSEND = YES;
				ENABLE_USER_SCRIPT_SANDBOXING = YES;
				GCC_C_LANGUAGE_STANDARD = gnu17;
				GCC_NO_COMMON_BLOCKS = YES;
				GCC_WARN_64_TO_32_BIT_CONVERSION = YES;
				GCC_WARN_ABOUT_RETURN_TYPE = YES_ERROR;
				GCC_WARN_UNDECLARED_SELECTOR = YES;
				GCC_WARN_UNINITIALIZED_AUTOS = YES_AGGRESSIVE;
				GCC_WARN_UNUSED_FUNCTION = YES;
				GCC_WARN_UNUSED_VARIABLE = YES;
				IPHONEOS_DEPLOYMENT_TARGET = 13.0;
				LOCALIZATION_PREFERS_STRING_CATALOGS = YES;
				MTL_ENABLE_DEBUG_INFO = NO;
				MTL_FAST_MATH = YES;
				SDKROOT = iphoneos;
				SWIFT_COMPILATION_MODE = wholemodule;
				VALIDATE_PRODUCT = YES;
			};
			name = Release;
		};
		1259A7732B62CB6D0001A66A /* Debug */ = {
			isa = XCBuildConfiguration;
			buildSettings = {
				ASSETCATALOG_COMPILER_APPICON_NAME = AppIcon;
				ASSETCATALOG_COMPILER_GLOBAL_ACCENT_COLOR_NAME = AccentColor;
				CODE_SIGN_STYLE = Automatic;
				CURRENT_PROJECT_VERSION = 1;
				DEFINES_MODULE = NO;
				DEVELOPMENT_TEAM = 83W9YR2F63;
				GENERATE_INFOPLIST_FILE = YES;
				INFOPLIST_FILE = ImageFeed/Info.plist;
				INFOPLIST_KEY_UIApplicationSupportsIndirectInputEvents = YES;
				INFOPLIST_KEY_UILaunchStoryboardName = LaunchScreen;
				INFOPLIST_KEY_UIMainStoryboardFile = Main;
				INFOPLIST_KEY_UISupportedInterfaceOrientations_iPhone = UIInterfaceOrientationPortrait;
				IPHONEOS_DEPLOYMENT_TARGET = 13.0;
				LD_RUNPATH_SEARCH_PATHS = (
					"$(inherited)",
					"@executable_path/Frameworks",
				);
				MARKETING_VERSION = 1.0;
				PRODUCT_BUNDLE_IDENTIFIER = ru.TimBulokhov.ImageFeed;
				PRODUCT_NAME = "$(TARGET_NAME)";
				SUPPORTED_PLATFORMS = "iphoneos iphonesimulator";
				SUPPORTS_MACCATALYST = NO;
				SUPPORTS_MAC_DESIGNED_FOR_IPHONE_IPAD = NO;
				SWIFT_EMIT_LOC_STRINGS = YES;
				SWIFT_VERSION = 5.0;
				TARGETED_DEVICE_FAMILY = 1;
			};
			name = Debug;
		};
		1259A7742B62CB6D0001A66A /* Release */ = {
			isa = XCBuildConfiguration;
			buildSettings = {
				ASSETCATALOG_COMPILER_APPICON_NAME = AppIcon;
				ASSETCATALOG_COMPILER_GLOBAL_ACCENT_COLOR_NAME = AccentColor;
				CODE_SIGN_STYLE = Automatic;
				CURRENT_PROJECT_VERSION = 1;
				DEFINES_MODULE = NO;
				DEVELOPMENT_TEAM = 83W9YR2F63;
				GENERATE_INFOPLIST_FILE = YES;
				INFOPLIST_FILE = ImageFeed/Info.plist;
				INFOPLIST_KEY_UIApplicationSupportsIndirectInputEvents = YES;
				INFOPLIST_KEY_UILaunchStoryboardName = LaunchScreen;
				INFOPLIST_KEY_UIMainStoryboardFile = Main;
				INFOPLIST_KEY_UISupportedInterfaceOrientations_iPhone = UIInterfaceOrientationPortrait;
				IPHONEOS_DEPLOYMENT_TARGET = 13.0;
				LD_RUNPATH_SEARCH_PATHS = (
					"$(inherited)",
					"@executable_path/Frameworks",
				);
				MARKETING_VERSION = 1.0;
				PRODUCT_BUNDLE_IDENTIFIER = ru.TimBulokhov.ImageFeed;
				PRODUCT_NAME = "$(TARGET_NAME)";
				SUPPORTED_PLATFORMS = "iphoneos iphonesimulator";
				SUPPORTS_MACCATALYST = NO;
				SUPPORTS_MAC_DESIGNED_FOR_IPHONE_IPAD = NO;
				SWIFT_EMIT_LOC_STRINGS = YES;
				SWIFT_VERSION = 5.0;
				TARGETED_DEVICE_FAMILY = 1;
			};
			name = Release;
		};
/* End XCBuildConfiguration section */

/* Begin XCConfigurationList section */
		1245A7162BBD4814009EA0E4 /* Build configuration list for PBXNativeTarget "ImageFeedTests" */ = {
			isa = XCConfigurationList;
			buildConfigurations = (
				1245A7172BBD4814009EA0E4 /* Debug */,
				1245A7182BBD4814009EA0E4 /* Release */,
			);
			defaultConfigurationIsVisible = 0;
			defaultConfigurationName = Release;
		};
		1245A7392BBD7C6D009EA0E4 /* Build configuration list for PBXNativeTarget "ImageFeedUITests" */ = {
			isa = XCConfigurationList;
			buildConfigurations = (
				1245A73A2BBD7C6D009EA0E4 /* Debug */,
				1245A73B2BBD7C6D009EA0E4 /* Release */,
			);
			defaultConfigurationIsVisible = 0;
			defaultConfigurationName = Release;
		};
		1259A7592B62CB6C0001A66A /* Build configuration list for PBXProject "ImageFeed" */ = {
			isa = XCConfigurationList;
			buildConfigurations = (
				1259A7702B62CB6D0001A66A /* Debug */,
				1259A7712B62CB6D0001A66A /* Release */,
			);
			defaultConfigurationIsVisible = 0;
			defaultConfigurationName = Release;
		};
		1259A7722B62CB6D0001A66A /* Build configuration list for PBXNativeTarget "ImageFeed" */ = {
			isa = XCConfigurationList;
			buildConfigurations = (
				1259A7732B62CB6D0001A66A /* Debug */,
				1259A7742B62CB6D0001A66A /* Release */,
			);
			defaultConfigurationIsVisible = 0;
			defaultConfigurationName = Release;
		};
/* End XCConfigurationList section */

/* Begin XCRemoteSwiftPackageReference section */
		1251FAB62B9219710050C270 /* XCRemoteSwiftPackageReference "ProgressHUD" */ = {
			isa = XCRemoteSwiftPackageReference;
			repositoryURL = "https://github.com/relatedcode/ProgressHUD";
			requirement = {
				kind = upToNextMajorVersion;
				minimumVersion = 14.1.1;
			};
		};
		1251FAB92B9228EF0050C270 /* XCRemoteSwiftPackageReference "Kingfisher" */ = {
			isa = XCRemoteSwiftPackageReference;
			repositoryURL = "https://github.com/onevcat/Kingfisher";
			requirement = {
				kind = upToNextMajorVersion;
				minimumVersion = 7.11.0;
			};
		};
		1251FABC2B9229500050C270 /* XCRemoteSwiftPackageReference "SwiftKeychainWrapper" */ = {
			isa = XCRemoteSwiftPackageReference;
			repositoryURL = "https://github.com/jrendel/SwiftKeychainWrapper";
			requirement = {
				kind = upToNextMajorVersion;
				minimumVersion = 4.0.1;
			};
		};
/* End XCRemoteSwiftPackageReference section */

/* Begin XCSwiftPackageProductDependency section */
		1251FAB72B921B320050C270 /* ProgressHUD */ = {
			isa = XCSwiftPackageProductDependency;
			package = 1251FAB62B9219710050C270 /* XCRemoteSwiftPackageReference "ProgressHUD" */;
			productName = ProgressHUD;
		};
		1251FABA2B9228EF0050C270 /* Kingfisher */ = {
			isa = XCSwiftPackageProductDependency;
			package = 1251FAB92B9228EF0050C270 /* XCRemoteSwiftPackageReference "Kingfisher" */;
			productName = Kingfisher;
		};
		1251FABD2B9229500050C270 /* SwiftKeychainWrapper */ = {
			isa = XCSwiftPackageProductDependency;
			package = 1251FABC2B9229500050C270 /* XCRemoteSwiftPackageReference "SwiftKeychainWrapper" */;
			productName = SwiftKeychainWrapper;
		};
/* End XCSwiftPackageProductDependency section */
	};
	rootObject = 1259A7562B62CB6C0001A66A /* Project object */;
}
